
Microsoft Visual Studio Solution File, Format Version 12.00
# Visual Studio Version 16
VisualStudioVersion = 16.0.30114.105
MinimumVisualStudioVersion = 10.0.40219.1
Project("{FAE04EC0-301F-11D3-BF4B-00C04F79EFBC}") = "G2_Forms", "G2_Forms\G2_Forms.csproj", "{59105801-207F-45E7-959B-B908F39BCEFE}"
EndProject
Global
	GlobalSection(SolutionConfigurationPlatforms) = preSolution
		Debug|Any CPU = Debug|Any CPU
		Release|Any CPU = Release|Any CPU
	EndGlobalSection
	GlobalSection(ProjectConfigurationPlatforms) = postSolution
		{59105801-207F-45E7-959B-B908F39BCEFE}.Debug|Any CPU.ActiveCfg = Debug|Any CPU
		{59105801-207F-45E7-959B-B908F39BCEFE}.Debug|Any CPU.Build.0 = Debug|Any CPU
		{59105801-207F-45E7-959B-B908F39BCEFE}.Release|Any CPU.ActiveCfg = Release|Any CPU
		{59105801-207F-45E7-959B-B908F39BCEFE}.Release|Any CPU.Build.0 = Release|Any CPU
	EndGlobalSection
	GlobalSection(SolutionProperties) = preSolution
		HideSolutionNode = FALSE
	EndGlobalSection
	GlobalSection(ExtensibilityGlobals) = postSolution
		SolutionGuid = {9AECBC2E-966C-4B78-A81F-9D3EBFA1D006}
	EndGlobalSection
EndGlobal
